
Microsoft Visual Studio Solution File, Format Version 12.00
# Visual Studio Version 17
VisualStudioVersion = 17.5.33502.453
MinimumVisualStudioVersion = 10.0.40219.1
Project("{9A19103F-16F7-4668-BE54-9A1E7A4F7556}") = "SuggestionAppUI", "SuggestionAppUI\SuggestionAppUI.csproj", "{2BAB64FA-A432-433A-8487-4C4D8CA00728}"
EndProject
Project("{9A19103F-16F7-4668-BE54-9A1E7A4F7556}") = "SuggestionAppLibrary", "SuggestionAppLibrary\SuggestionAppLibrary.csproj", "{83B3367B-9B30-41B8-9534-F416B8C680D8}"
EndProject
Global
	GlobalSection(SolutionConfigurationPlatforms) = preSolution
		Debug|Any CPU = Debug|Any CPU
		Release|Any CPU = Release|Any CPU
	EndGlobalSection
	GlobalSection(ProjectConfigurationPlatforms) = postSolution
		{2BAB64FA-A432-433A-8487-4C4D8CA00728}.Debug|Any CPU.ActiveCfg = Debug|Any CPU
		{2BAB64FA-A432-433A-8487-4C4D8CA00728}.Debug|Any CPU.Build.0 = Debug|Any CPU
		{2BAB64FA-A432-433A-8487-4C4D8CA00728}.Release|Any CPU.ActiveCfg = Release|Any CPU
		{2BAB64FA-A432-433A-8487-4C4D8CA00728}.Release|Any CPU.Build.0 = Release|Any CPU
		{83B3367B-9B30-41B8-9534-F416B8C680D8}.Debug|Any CPU.ActiveCfg = Debug|Any CPU
		{83B3367B-9B30-41B8-9534-F416B8C680D8}.Debug|Any CPU.Build.0 = Debug|Any CPU
		{83B3367B-9B30-41B8-9534-F416B8C680D8}.Release|Any CPU.ActiveCfg = Release|Any CPU
		{83B3367B-9B30-41B8-9534-F416B8C680D8}.Release|Any CPU.Build.0 = Release|Any CPU
	EndGlobalSection
	GlobalSection(SolutionProperties) = preSolution
		HideSolutionNode = FALSE
	EndGlobalSection
	GlobalSection(ExtensibilityGlobals) = postSolution
		SolutionGuid = {496866B0-C0ED-4101-9223-1A1C43060BB8}
	EndGlobalSection
EndGlobal
